// !$*UTF8*$!
{
	archiveVersion = 1;
	classes = {
	};
	objectVersion = 46;
	objects = {

/* Begin PBXBuildFile section */
		01318A33158A2B9D009D3D30 /* APITests.m in Sources */ = {isa = PBXBuildFile; fileRef = 01318A27158A2B9D009D3D30 /* APITests.m */; };
		01318A34158A2B9D009D3D30 /* ContestTests.m in Sources */ = {isa = PBXBuildFile; fileRef = 01318A28158A2B9D009D3D30 /* ContestTests.m */; };
		01318A35158A2B9D009D3D30 /* ContextParserTest.m in Sources */ = {isa = PBXBuildFile; fileRef = 01318A29158A2B9D009D3D30 /* ContextParserTest.m */; };
		01318A36158A2B9D009D3D30 /* FolderParserTests.m in Sources */ = {isa = PBXBuildFile; fileRef = 01318A2B158A2B9D009D3D30 /* FolderParserTests.m */; };
		01318A37158A2B9D009D3D30 /* FolderTests.m in Sources */ = {isa = PBXBuildFile; fileRef = 01318A2C158A2B9D009D3D30 /* FolderTests.m */; };
		01318A38158A2B9D009D3D30 /* NoteParserTest.m in Sources */ = {isa = PBXBuildFile; fileRef = 01318A2D158A2B9D009D3D30 /* NoteParserTest.m */; };
		01318A39158A2B9D009D3D30 /* NoteTests.m in Sources */ = {isa = PBXBuildFile; fileRef = 01318A2F158A2B9D009D3D30 /* NoteTests.m */; };
		01318A3A158A2B9D009D3D30 /* TaskParserTests.m in Sources */ = {isa = PBXBuildFile; fileRef = 01318A30158A2B9D009D3D30 /* TaskParserTests.m */; };
		01318A3B158A2B9D009D3D30 /* TaskTests.m in Sources */ = {isa = PBXBuildFile; fileRef = 01318A32158A2B9D009D3D30 /* TaskTests.m */; };
		01318A3F158A2BBE009D3D30 /* GtdApi.h in Headers */ = {isa = PBXBuildFile; fileRef = 01318A3C158A2BBE009D3D30 /* GtdApi.h */; };
		01318A40158A2BBE009D3D30 /* GtdApi.h in Headers */ = {isa = PBXBuildFile; fileRef = 01318A3C158A2BBE009D3D30 /* GtdApi.h */; };
		01318A41158A2BBE009D3D30 /* GtdApi.h in Headers */ = {isa = PBXBuildFile; fileRef = 01318A3C158A2BBE009D3D30 /* GtdApi.h */; };
		01318A42158A2BBE009D3D30 /* TDApi.h in Headers */ = {isa = PBXBuildFile; fileRef = 01318A3D158A2BBE009D3D30 /* TDApi.h */; };
		01318A43158A2BBE009D3D30 /* TDApi.h in Headers */ = {isa = PBXBuildFile; fileRef = 01318A3D158A2BBE009D3D30 /* TDApi.h */; };
		01318A44158A2BBE009D3D30 /* TDApi.h in Headers */ = {isa = PBXBuildFile; fileRef = 01318A3D158A2BBE009D3D30 /* TDApi.h */; };
		01318A45158A2BBE009D3D30 /* TDApi.m in Sources */ = {isa = PBXBuildFile; fileRef = 01318A3E158A2BBE009D3D30 /* TDApi.m */; };
		01318A46158A2BBE009D3D30 /* TDApi.m in Sources */ = {isa = PBXBuildFile; fileRef = 01318A3E158A2BBE009D3D30 /* TDApi.m */; };
		01318A47158A2BBE009D3D30 /* TDApi.m in Sources */ = {isa = PBXBuildFile; fileRef = 01318A3E158A2BBE009D3D30 /* TDApi.m */; };
		01318A48158A2BBE009D3D30 /* TDApi.m in Sources */ = {isa = PBXBuildFile; fileRef = 01318A3E158A2BBE009D3D30 /* TDApi.m */; };
		01318A51158A2BD2009D3D30 /* GtdContext.h in Headers */ = {isa = PBXBuildFile; fileRef = 01318A49158A2BD2009D3D30 /* GtdContext.h */; };
		01318A52158A2BD2009D3D30 /* GtdContext.h in Headers */ = {isa = PBXBuildFile; fileRef = 01318A49158A2BD2009D3D30 /* GtdContext.h */; };
		01318A53158A2BD2009D3D30 /* GtdContext.h in Headers */ = {isa = PBXBuildFile; fileRef = 01318A49158A2BD2009D3D30 /* GtdContext.h */; };
		01318A54158A2BD2009D3D30 /* GtdContext.m in Sources */ = {isa = PBXBuildFile; fileRef = 01318A4A158A2BD2009D3D30 /* GtdContext.m */; };
		01318A55158A2BD2009D3D30 /* GtdContext.m in Sources */ = {isa = PBXBuildFile; fileRef = 01318A4A158A2BD2009D3D30 /* GtdContext.m */; };
		01318A56158A2BD2009D3D30 /* GtdContext.m in Sources */ = {isa = PBXBuildFile; fileRef = 01318A4A158A2BD2009D3D30 /* GtdContext.m */; };
		01318A57158A2BD2009D3D30 /* GtdContext.m in Sources */ = {isa = PBXBuildFile; fileRef = 01318A4A158A2BD2009D3D30 /* GtdContext.m */; };
		01318A58158A2BD2009D3D30 /* GtdFolder.h in Headers */ = {isa = PBXBuildFile; fileRef = 01318A4B158A2BD2009D3D30 /* GtdFolder.h */; };
		01318A59158A2BD2009D3D30 /* GtdFolder.h in Headers */ = {isa = PBXBuildFile; fileRef = 01318A4B158A2BD2009D3D30 /* GtdFolder.h */; };
		01318A5A158A2BD2009D3D30 /* GtdFolder.h in Headers */ = {isa = PBXBuildFile; fileRef = 01318A4B158A2BD2009D3D30 /* GtdFolder.h */; };
		01318A5B158A2BD2009D3D30 /* GtdFolder.m in Sources */ = {isa = PBXBuildFile; fileRef = 01318A4C158A2BD2009D3D30 /* GtdFolder.m */; };
		01318A5C158A2BD2009D3D30 /* GtdFolder.m in Sources */ = {isa = PBXBuildFile; fileRef = 01318A4C158A2BD2009D3D30 /* GtdFolder.m */; };
		01318A5D158A2BD2009D3D30 /* GtdFolder.m in Sources */ = {isa = PBXBuildFile; fileRef = 01318A4C158A2BD2009D3D30 /* GtdFolder.m */; };
		01318A5E158A2BD2009D3D30 /* GtdFolder.m in Sources */ = {isa = PBXBuildFile; fileRef = 01318A4C158A2BD2009D3D30 /* GtdFolder.m */; };
		01318A5F158A2BD2009D3D30 /* GtdNote.h in Headers */ = {isa = PBXBuildFile; fileRef = 01318A4D158A2BD2009D3D30 /* GtdNote.h */; };
		01318A60158A2BD2009D3D30 /* GtdNote.h in Headers */ = {isa = PBXBuildFile; fileRef = 01318A4D158A2BD2009D3D30 /* GtdNote.h */; };
		01318A61158A2BD2009D3D30 /* GtdNote.h in Headers */ = {isa = PBXBuildFile; fileRef = 01318A4D158A2BD2009D3D30 /* GtdNote.h */; };
		01318A62158A2BD2009D3D30 /* GtdNote.m in Sources */ = {isa = PBXBuildFile; fileRef = 01318A4E158A2BD2009D3D30 /* GtdNote.m */; };
		01318A63158A2BD2009D3D30 /* GtdNote.m in Sources */ = {isa = PBXBuildFile; fileRef = 01318A4E158A2BD2009D3D30 /* GtdNote.m */; };
		01318A64158A2BD2009D3D30 /* GtdNote.m in Sources */ = {isa = PBXBuildFile; fileRef = 01318A4E158A2BD2009D3D30 /* GtdNote.m */; };
		01318A65158A2BD2009D3D30 /* GtdNote.m in Sources */ = {isa = PBXBuildFile; fileRef = 01318A4E158A2BD2009D3D30 /* GtdNote.m */; };
		01318A66158A2BD2009D3D30 /* GtdTask.h in Headers */ = {isa = PBXBuildFile; fileRef = 01318A4F158A2BD2009D3D30 /* GtdTask.h */; };
		01318A67158A2BD2009D3D30 /* GtdTask.h in Headers */ = {isa = PBXBuildFile; fileRef = 01318A4F158A2BD2009D3D30 /* GtdTask.h */; };
		01318A68158A2BD2009D3D30 /* GtdTask.h in Headers */ = {isa = PBXBuildFile; fileRef = 01318A4F158A2BD2009D3D30 /* GtdTask.h */; };
		01318A69158A2BD2009D3D30 /* GtdTask.m in Sources */ = {isa = PBXBuildFile; fileRef = 01318A50158A2BD2009D3D30 /* GtdTask.m */; };
		01318A6A158A2BD2009D3D30 /* GtdTask.m in Sources */ = {isa = PBXBuildFile; fileRef = 01318A50158A2BD2009D3D30 /* GtdTask.m */; };
		01318A6B158A2BD2009D3D30 /* GtdTask.m in Sources */ = {isa = PBXBuildFile; fileRef = 01318A50158A2BD2009D3D30 /* GtdTask.m */; };
		01318A6C158A2BD2009D3D30 /* GtdTask.m in Sources */ = {isa = PBXBuildFile; fileRef = 01318A50158A2BD2009D3D30 /* GtdTask.m */; };
		01318A7D158A2BF2009D3D30 /* TDContextsParser.h in Headers */ = {isa = PBXBuildFile; fileRef = 01318A6D158A2BF2009D3D30 /* TDContextsParser.h */; };
		01318A7E158A2BF2009D3D30 /* TDContextsParser.h in Headers */ = {isa = PBXBuildFile; fileRef = 01318A6D158A2BF2009D3D30 /* TDContextsParser.h */; };
		01318A7F158A2BF2009D3D30 /* TDContextsParser.h in Headers */ = {isa = PBXBuildFile; fileRef = 01318A6D158A2BF2009D3D30 /* TDContextsParser.h */; };
		01318A80158A2BF2009D3D30 /* TDContextsParser.m in Sources */ = {isa = PBXBuildFile; fileRef = 01318A6E158A2BF2009D3D30 /* TDContextsParser.m */; };
		01318A81158A2BF2009D3D30 /* TDContextsParser.m in Sources */ = {isa = PBXBuildFile; fileRef = 01318A6E158A2BF2009D3D30 /* TDContextsParser.m */; };
		01318A82158A2BF2009D3D30 /* TDContextsParser.m in Sources */ = {isa = PBXBuildFile; fileRef = 01318A6E158A2BF2009D3D30 /* TDContextsParser.m */; };
		01318A83158A2BF2009D3D30 /* TDContextsParser.m in Sources */ = {isa = PBXBuildFile; fileRef = 01318A6E158A2BF2009D3D30 /* TDContextsParser.m */; };
		01318A84158A2BF2009D3D30 /* TDDeletedTasksParser.h in Headers */ = {isa = PBXBuildFile; fileRef = 01318A6F158A2BF2009D3D30 /* TDDeletedTasksParser.h */; };
		01318A85158A2BF2009D3D30 /* TDDeletedTasksParser.h in Headers */ = {isa = PBXBuildFile; fileRef = 01318A6F158A2BF2009D3D30 /* TDDeletedTasksParser.h */; };
		01318A86158A2BF2009D3D30 /* TDDeletedTasksParser.h in Headers */ = {isa = PBXBuildFile; fileRef = 01318A6F158A2BF2009D3D30 /* TDDeletedTasksParser.h */; };
		01318A87158A2BF2009D3D30 /* TDDeletedTasksParser.m in Sources */ = {isa = PBXBuildFile; fileRef = 01318A70158A2BF2009D3D30 /* TDDeletedTasksParser.m */; };
		01318A88158A2BF2009D3D30 /* TDDeletedTasksParser.m in Sources */ = {isa = PBXBuildFile; fileRef = 01318A70158A2BF2009D3D30 /* TDDeletedTasksParser.m */; };
		01318A89158A2BF2009D3D30 /* TDDeletedTasksParser.m in Sources */ = {isa = PBXBuildFile; fileRef = 01318A70158A2BF2009D3D30 /* TDDeletedTasksParser.m */; };
		01318A8A158A2BF2009D3D30 /* TDDeletedTasksParser.m in Sources */ = {isa = PBXBuildFile; fileRef = 01318A70158A2BF2009D3D30 /* TDDeletedTasksParser.m */; };
		01318A8B158A2BF2009D3D30 /* TDFoldersParser.h in Headers */ = {isa = PBXBuildFile; fileRef = 01318A71158A2BF2009D3D30 /* TDFoldersParser.h */; };
		01318A8C158A2BF2009D3D30 /* TDFoldersParser.h in Headers */ = {isa = PBXBuildFile; fileRef = 01318A71158A2BF2009D3D30 /* TDFoldersParser.h */; };
		01318A8D158A2BF2009D3D30 /* TDFoldersParser.h in Headers */ = {isa = PBXBuildFile; fileRef = 01318A71158A2BF2009D3D30 /* TDFoldersParser.h */; };
		01318A8E158A2BF2009D3D30 /* TDFoldersParser.m in Sources */ = {isa = PBXBuildFile; fileRef = 01318A72158A2BF2009D3D30 /* TDFoldersParser.m */; };
		01318A8F158A2BF2009D3D30 /* TDFoldersParser.m in Sources */ = {isa = PBXBuildFile; fileRef = 01318A72158A2BF2009D3D30 /* TDFoldersParser.m */; };
		01318A90158A2BF2009D3D30 /* TDFoldersParser.m in Sources */ = {isa = PBXBuildFile; fileRef = 01318A72158A2BF2009D3D30 /* TDFoldersParser.m */; };
		01318A91158A2BF2009D3D30 /* TDFoldersParser.m in Sources */ = {isa = PBXBuildFile; fileRef = 01318A72158A2BF2009D3D30 /* TDFoldersParser.m */; };
		01318A92158A2BF2009D3D30 /* TDNotesParser.h in Headers */ = {isa = PBXBuildFile; fileRef = 01318A73158A2BF2009D3D30 /* TDNotesParser.h */; };
		01318A93158A2BF2009D3D30 /* TDNotesParser.h in Headers */ = {isa = PBXBuildFile; fileRef = 01318A73158A2BF2009D3D30 /* TDNotesParser.h */; };
		01318A94158A2BF2009D3D30 /* TDNotesParser.h in Headers */ = {isa = PBXBuildFile; fileRef = 01318A73158A2BF2009D3D30 /* TDNotesParser.h */; };
		01318A95158A2BF2009D3D30 /* TDNotesParser.m in Sources */ = {isa = PBXBuildFile; fileRef = 01318A74158A2BF2009D3D30 /* TDNotesParser.m */; };
		01318A96158A2BF2009D3D30 /* TDNotesParser.m in Sources */ = {isa = PBXBuildFile; fileRef = 01318A74158A2BF2009D3D30 /* TDNotesParser.m */; };
		01318A97158A2BF2009D3D30 /* TDNotesParser.m in Sources */ = {isa = PBXBuildFile; fileRef = 01318A74158A2BF2009D3D30 /* TDNotesParser.m */; };
		01318A98158A2BF2009D3D30 /* TDNotesParser.m in Sources */ = {isa = PBXBuildFile; fileRef = 01318A74158A2BF2009D3D30 /* TDNotesParser.m */; };
		01318A99158A2BF2009D3D30 /* TDParser.h in Headers */ = {isa = PBXBuildFile; fileRef = 01318A75158A2BF2009D3D30 /* TDParser.h */; };
		01318A9A158A2BF2009D3D30 /* TDParser.h in Headers */ = {isa = PBXBuildFile; fileRef = 01318A75158A2BF2009D3D30 /* TDParser.h */; };
		01318A9B158A2BF2009D3D30 /* TDParser.h in Headers */ = {isa = PBXBuildFile; fileRef = 01318A75158A2BF2009D3D30 /* TDParser.h */; };
		01318A9C158A2BF2009D3D30 /* TDParser.m in Sources */ = {isa = PBXBuildFile; fileRef = 01318A76158A2BF2009D3D30 /* TDParser.m */; };
		01318A9D158A2BF2009D3D30 /* TDParser.m in Sources */ = {isa = PBXBuildFile; fileRef = 01318A76158A2BF2009D3D30 /* TDParser.m */; };
		01318A9E158A2BF2009D3D30 /* TDParser.m in Sources */ = {isa = PBXBuildFile; fileRef = 01318A76158A2BF2009D3D30 /* TDParser.m */; };
		01318A9F158A2BF2009D3D30 /* TDParser.m in Sources */ = {isa = PBXBuildFile; fileRef = 01318A76158A2BF2009D3D30 /* TDParser.m */; };
		01318AA0158A2BF2009D3D30 /* TDSimpleParser.h in Headers */ = {isa = PBXBuildFile; fileRef = 01318A77158A2BF2009D3D30 /* TDSimpleParser.h */; };
		01318AA1158A2BF2009D3D30 /* TDSimpleParser.h in Headers */ = {isa = PBXBuildFile; fileRef = 01318A77158A2BF2009D3D30 /* TDSimpleParser.h */; };
		01318AA2158A2BF2009D3D30 /* TDSimpleParser.h in Headers */ = {isa = PBXBuildFile; fileRef = 01318A77158A2BF2009D3D30 /* TDSimpleParser.h */; };
		01318AA3158A2BF2009D3D30 /* TDSimpleParser.m in Sources */ = {isa = PBXBuildFile; fileRef = 01318A78158A2BF2009D3D30 /* TDSimpleParser.m */; };
		01318AA4158A2BF2009D3D30 /* TDSimpleParser.m in Sources */ = {isa = PBXBuildFile; fileRef = 01318A78158A2BF2009D3D30 /* TDSimpleParser.m */; };
		01318AA5158A2BF2009D3D30 /* TDSimpleParser.m in Sources */ = {isa = PBXBuildFile; fileRef = 01318A78158A2BF2009D3D30 /* TDSimpleParser.m */; };
		01318AA6158A2BF2009D3D30 /* TDSimpleParser.m in Sources */ = {isa = PBXBuildFile; fileRef = 01318A78158A2BF2009D3D30 /* TDSimpleParser.m */; };
		01318AA7158A2BF2009D3D30 /* TDTasksParser.h in Headers */ = {isa = PBXBuildFile; fileRef = 01318A79158A2BF2009D3D30 /* TDTasksParser.h */; };
		01318AA8158A2BF2009D3D30 /* TDTasksParser.h in Headers */ = {isa = PBXBuildFile; fileRef = 01318A79158A2BF2009D3D30 /* TDTasksParser.h */; };
		01318AA9158A2BF2009D3D30 /* TDTasksParser.h in Headers */ = {isa = PBXBuildFile; fileRef = 01318A79158A2BF2009D3D30 /* TDTasksParser.h */; };
		01318AAA158A2BF2009D3D30 /* TDTasksParser.m in Sources */ = {isa = PBXBuildFile; fileRef = 01318A7A158A2BF2009D3D30 /* TDTasksParser.m */; };
		01318AAB158A2BF2009D3D30 /* TDTasksParser.m in Sources */ = {isa = PBXBuildFile; fileRef = 01318A7A158A2BF2009D3D30 /* TDTasksParser.m */; };
		01318AAC158A2BF2009D3D30 /* TDTasksParser.m in Sources */ = {isa = PBXBuildFile; fileRef = 01318A7A158A2BF2009D3D30 /* TDTasksParser.m */; };
		01318AAD158A2BF2009D3D30 /* TDTasksParser.m in Sources */ = {isa = PBXBuildFile; fileRef = 01318A7A158A2BF2009D3D30 /* TDTasksParser.m */; };
		01318AAE158A2BF2009D3D30 /* TDUserInfoParser.h in Headers */ = {isa = PBXBuildFile; fileRef = 01318A7B158A2BF2009D3D30 /* TDUserInfoParser.h */; };
		01318AAF158A2BF2009D3D30 /* TDUserInfoParser.h in Headers */ = {isa = PBXBuildFile; fileRef = 01318A7B158A2BF2009D3D30 /* TDUserInfoParser.h */; };
		01318AB0158A2BF2009D3D30 /* TDUserInfoParser.h in Headers */ = {isa = PBXBuildFile; fileRef = 01318A7B158A2BF2009D3D30 /* TDUserInfoParser.h */; };
		01318AB1158A2BF2009D3D30 /* TDUserInfoParser.m in Sources */ = {isa = PBXBuildFile; fileRef = 01318A7C158A2BF2009D3D30 /* TDUserInfoParser.m */; };
		01318AB2158A2BF2009D3D30 /* TDUserInfoParser.m in Sources */ = {isa = PBXBuildFile; fileRef = 01318A7C158A2BF2009D3D30 /* TDUserInfoParser.m */; };
		01318AB3158A2BF2009D3D30 /* TDUserInfoParser.m in Sources */ = {isa = PBXBuildFile; fileRef = 01318A7C158A2BF2009D3D30 /* TDUserInfoParser.m */; };
		01318AB4158A2BF2009D3D30 /* TDUserInfoParser.m in Sources */ = {isa = PBXBuildFile; fileRef = 01318A7C158A2BF2009D3D30 /* TDUserInfoParser.m */; };
		01318AB6158A2C09009D3D30 /* TDAPIConstants.h in Headers */ = {isa = PBXBuildFile; fileRef = 01318AB5158A2C09009D3D30 /* TDAPIConstants.h */; };
		01318AB7158A2C09009D3D30 /* TDAPIConstants.h in Headers */ = {isa = PBXBuildFile; fileRef = 01318AB5158A2C09009D3D30 /* TDAPIConstants.h */; };
		01318AB8158A2C09009D3D30 /* TDAPIConstants.h in Headers */ = {isa = PBXBuildFile; fileRef = 01318AB5158A2C09009D3D30 /* TDAPIConstants.h */; };
		0182DD0015B4182C00751FCF /* Foundation.framework in Frameworks */ = {isa = PBXBuildFile; fileRef = 08FB779EFE84155DC02AAC07 /* Foundation.framework */; };
		0182DD0815B4182C00751FCF /* InfoPlist.strings in Resources */ = {isa = PBXBuildFile; fileRef = 0182DD0615B4182C00751FCF /* InfoPlist.strings */; };
		0182DD1415B418A200751FCF /* GHUnitIOS.framework in Frameworks */ = {isa = PBXBuildFile; fileRef = 0182DD1315B418A200751FCF /* GHUnitIOS.framework */; };
		0182DD1615B41B5800751FCF /* UIKit.framework in Frameworks */ = {isa = PBXBuildFile; fileRef = 0182DD1515B41B5800751FCF /* UIKit.framework */; };
		0182DD1815B41B6800751FCF /* CoreGraphics.framework in Frameworks */ = {isa = PBXBuildFile; fileRef = 0182DD1715B41B6800751FCF /* CoreGraphics.framework */; };
		0182DD1C15B41C4600751FCF /* GHUnitIOSTestMain.m in Sources */ = {isa = PBXBuildFile; fileRef = 0182DD1B15B41C4600751FCF /* GHUnitIOSTestMain.m */; };
		0182DD2715B41C4A00751FCF /* libOCMock.a in Frameworks */ = {isa = PBXBuildFile; fileRef = 0182DD2615B41C4A00751FCF /* libOCMock.a */; };
		0182DD2A15B42AAD00751FCF /* GtdGoal.h in Headers */ = {isa = PBXBuildFile; fileRef = 0182DD2815B42AAD00751FCF /* GtdGoal.h */; };
		0182DD2B15B42AAD00751FCF /* GtdGoal.h in Headers */ = {isa = PBXBuildFile; fileRef = 0182DD2815B42AAD00751FCF /* GtdGoal.h */; };
		0182DD2C15B42AAD00751FCF /* GtdGoal.h in Headers */ = {isa = PBXBuildFile; fileRef = 0182DD2815B42AAD00751FCF /* GtdGoal.h */; };
		0182DD2D15B42AAD00751FCF /* GtdGoal.m in Sources */ = {isa = PBXBuildFile; fileRef = 0182DD2915B42AAD00751FCF /* GtdGoal.m */; };
		0182DD2E15B42AAD00751FCF /* GtdGoal.m in Sources */ = {isa = PBXBuildFile; fileRef = 0182DD2915B42AAD00751FCF /* GtdGoal.m */; };
		0182DD2F15B42AAD00751FCF /* GtdGoal.m in Sources */ = {isa = PBXBuildFile; fileRef = 0182DD2915B42AAD00751FCF /* GtdGoal.m */; };
		0182DD3015B42AAD00751FCF /* GtdGoal.m in Sources */ = {isa = PBXBuildFile; fileRef = 0182DD2915B42AAD00751FCF /* GtdGoal.m */; };
		0182DD3115B42AAD00751FCF /* GtdGoal.m in Sources */ = {isa = PBXBuildFile; fileRef = 0182DD2915B42AAD00751FCF /* GtdGoal.m */; };
		0182DD3415B42ACB00751FCF /* GtdLocation.h in Headers */ = {isa = PBXBuildFile; fileRef = 0182DD3215B42ACB00751FCF /* GtdLocation.h */; };
		0182DD3515B42ACB00751FCF /* GtdLocation.h in Headers */ = {isa = PBXBuildFile; fileRef = 0182DD3215B42ACB00751FCF /* GtdLocation.h */; };
		0182DD3615B42ACB00751FCF /* GtdLocation.h in Headers */ = {isa = PBXBuildFile; fileRef = 0182DD3215B42ACB00751FCF /* GtdLocation.h */; };
		0182DD3715B42ACB00751FCF /* GtdLocation.m in Sources */ = {isa = PBXBuildFile; fileRef = 0182DD3315B42ACB00751FCF /* GtdLocation.m */; };
		0182DD3815B42ACB00751FCF /* GtdLocation.m in Sources */ = {isa = PBXBuildFile; fileRef = 0182DD3315B42ACB00751FCF /* GtdLocation.m */; };
		0182DD3915B42ACB00751FCF /* GtdLocation.m in Sources */ = {isa = PBXBuildFile; fileRef = 0182DD3315B42ACB00751FCF /* GtdLocation.m */; };
		0182DD3A15B42ACB00751FCF /* GtdLocation.m in Sources */ = {isa = PBXBuildFile; fileRef = 0182DD3315B42ACB00751FCF /* GtdLocation.m */; };
		0182DD3B15B42ACB00751FCF /* GtdLocation.m in Sources */ = {isa = PBXBuildFile; fileRef = 0182DD3315B42ACB00751FCF /* GtdLocation.m */; };
		0182DD3E15B4719800751FCF /* TDApiTests.m in Sources */ = {isa = PBXBuildFile; fileRef = 0182DD3D15B4719800751FCF /* TDApiTests.m */; };
		0182DD4115B897C900751FCF /* TDAppConstants.h in Headers */ = {isa = PBXBuildFile; fileRef = 0182DD4015B897C900751FCF /* TDAppConstants.h */; };
		0182DD4215B897C900751FCF /* TDAppConstants.h in Headers */ = {isa = PBXBuildFile; fileRef = 0182DD4015B897C900751FCF /* TDAppConstants.h */; };
		0182DD4315B897C900751FCF /* TDAppConstants.h in Headers */ = {isa = PBXBuildFile; fileRef = 0182DD4015B897C900751FCF /* TDAppConstants.h */; };
		FAA9E6F510A88CAF001925AB /* SenTestingKit.framework in Frameworks */ = {isa = PBXBuildFile; fileRef = FAA9E6F410A88CAF001925AB /* SenTestingKit.framework */; };
/* End PBXBuildFile section */

/* Begin PBXContainerItemProxy section */
		FAA9E6F210A88CA6001925AB /* PBXContainerItemProxy */ = {
			isa = PBXContainerItemProxy;
			containerPortal = 08FB7793FE84155DC02AAC07 /* Project object */;
			proxyType = 1;
			remoteGlobalIDString = FAF874B21096478600C4C137;
			remoteInfo = libToodledoAPI;
		};
/* End PBXContainerItemProxy section */

/* Begin PBXFileReference section */
		01318A27158A2B9D009D3D30 /* APITests.m */ = {isa = PBXFileReference; fileEncoding = 4; lastKnownFileType = sourcecode.c.objc; name = APITests.m; path = Tests/APITests.m; sourceTree = "<group>"; };
		01318A28158A2B9D009D3D30 /* ContestTests.m */ = {isa = PBXFileReference; fileEncoding = 4; lastKnownFileType = sourcecode.c.objc; name = ContestTests.m; path = Tests/ContestTests.m; sourceTree = "<group>"; };
		01318A29158A2B9D009D3D30 /* ContextParserTest.m */ = {isa = PBXFileReference; fileEncoding = 4; lastKnownFileType = sourcecode.c.objc; name = ContextParserTest.m; path = Tests/ContextParserTest.m; sourceTree = "<group>"; };
		01318A2A158A2B9D009D3D30 /* ContextTests.h */ = {isa = PBXFileReference; fileEncoding = 4; lastKnownFileType = sourcecode.c.h; name = ContextTests.h; path = Tests/ContextTests.h; sourceTree = "<group>"; };
		01318A2B158A2B9D009D3D30 /* FolderParserTests.m */ = {isa = PBXFileReference; fileEncoding = 4; lastKnownFileType = sourcecode.c.objc; name = FolderParserTests.m; path = Tests/FolderParserTests.m; sourceTree = "<group>"; };
		01318A2C158A2B9D009D3D30 /* FolderTests.m */ = {isa = PBXFileReference; fileEncoding = 4; lastKnownFileType = sourcecode.c.objc; name = FolderTests.m; path = Tests/FolderTests.m; sourceTree = "<group>"; };
		01318A2D158A2B9D009D3D30 /* NoteParserTest.m */ = {isa = PBXFileReference; fileEncoding = 4; lastKnownFileType = sourcecode.c.objc; name = NoteParserTest.m; path = Tests/NoteParserTest.m; sourceTree = "<group>"; };
		01318A2E158A2B9D009D3D30 /* NoteTests.h */ = {isa = PBXFileReference; fileEncoding = 4; lastKnownFileType = sourcecode.c.h; name = NoteTests.h; path = Tests/NoteTests.h; sourceTree = "<group>"; };
		01318A2F158A2B9D009D3D30 /* NoteTests.m */ = {isa = PBXFileReference; fileEncoding = 4; lastKnownFileType = sourcecode.c.objc; name = NoteTests.m; path = Tests/NoteTests.m; sourceTree = "<group>"; };
		01318A30158A2B9D009D3D30 /* TaskParserTests.m */ = {isa = PBXFileReference; fileEncoding = 4; lastKnownFileType = sourcecode.c.objc; name = TaskParserTests.m; path = Tests/TaskParserTests.m; sourceTree = "<group>"; };
		01318A31158A2B9D009D3D30 /* TaskTests.h */ = {isa = PBXFileReference; fileEncoding = 4; lastKnownFileType = sourcecode.c.h; name = TaskTests.h; path = Tests/TaskTests.h; sourceTree = "<group>"; };
		01318A32158A2B9D009D3D30 /* TaskTests.m */ = {isa = PBXFileReference; fileEncoding = 4; lastKnownFileType = sourcecode.c.objc; name = TaskTests.m; path = Tests/TaskTests.m; sourceTree = "<group>"; };
		01318A3C158A2BBE009D3D30 /* GtdApi.h */ = {isa = PBXFileReference; fileEncoding = 4; lastKnownFileType = sourcecode.c.h; name = GtdApi.h; path = Classes/GtdApi.h; sourceTree = "<group>"; };
		01318A3D158A2BBE009D3D30 /* TDApi.h */ = {isa = PBXFileReference; fileEncoding = 4; lastKnownFileType = sourcecode.c.h; name = TDApi.h; path = Classes/TDApi.h; sourceTree = "<group>"; };
		01318A3E158A2BBE009D3D30 /* TDApi.m */ = {isa = PBXFileReference; fileEncoding = 4; lastKnownFileType = sourcecode.c.objc; name = TDApi.m; path = Classes/TDApi.m; sourceTree = "<group>"; };
		01318A49158A2BD2009D3D30 /* GtdContext.h */ = {isa = PBXFileReference; fileEncoding = 4; lastKnownFileType = sourcecode.c.h; name = GtdContext.h; path = Classes/GtdContext.h; sourceTree = "<group>"; };
		01318A4A158A2BD2009D3D30 /* GtdContext.m */ = {isa = PBXFileReference; fileEncoding = 4; lastKnownFileType = sourcecode.c.objc; name = GtdContext.m; path = Classes/GtdContext.m; sourceTree = "<group>"; };
		01318A4B158A2BD2009D3D30 /* GtdFolder.h */ = {isa = PBXFileReference; fileEncoding = 4; lastKnownFileType = sourcecode.c.h; name = GtdFolder.h; path = Classes/GtdFolder.h; sourceTree = "<group>"; };
		01318A4C158A2BD2009D3D30 /* GtdFolder.m */ = {isa = PBXFileReference; fileEncoding = 4; lastKnownFileType = sourcecode.c.objc; name = GtdFolder.m; path = Classes/GtdFolder.m; sourceTree = "<group>"; };
		01318A4D158A2BD2009D3D30 /* GtdNote.h */ = {isa = PBXFileReference; fileEncoding = 4; lastKnownFileType = sourcecode.c.h; name = GtdNote.h; path = Classes/GtdNote.h; sourceTree = "<group>"; };
		01318A4E158A2BD2009D3D30 /* GtdNote.m */ = {isa = PBXFileReference; fileEncoding = 4; lastKnownFileType = sourcecode.c.objc; name = GtdNote.m; path = Classes/GtdNote.m; sourceTree = "<group>"; };
		01318A4F158A2BD2009D3D30 /* GtdTask.h */ = {isa = PBXFileReference; fileEncoding = 4; lastKnownFileType = sourcecode.c.h; name = GtdTask.h; path = Classes/GtdTask.h; sourceTree = "<group>"; };
		01318A50158A2BD2009D3D30 /* GtdTask.m */ = {isa = PBXFileReference; fileEncoding = 4; lastKnownFileType = sourcecode.c.objc; name = GtdTask.m; path = Classes/GtdTask.m; sourceTree = "<group>"; };
		01318A6D158A2BF2009D3D30 /* TDContextsParser.h */ = {isa = PBXFileReference; fileEncoding = 4; lastKnownFileType = sourcecode.c.h; name = TDContextsParser.h; path = Classes/TDContextsParser.h; sourceTree = "<group>"; };
		01318A6E158A2BF2009D3D30 /* TDContextsParser.m */ = {isa = PBXFileReference; fileEncoding = 4; lastKnownFileType = sourcecode.c.objc; name = TDContextsParser.m; path = Classes/TDContextsParser.m; sourceTree = "<group>"; };
		01318A6F158A2BF2009D3D30 /* TDDeletedTasksParser.h */ = {isa = PBXFileReference; fileEncoding = 4; lastKnownFileType = sourcecode.c.h; name = TDDeletedTasksParser.h; path = Classes/TDDeletedTasksParser.h; sourceTree = "<group>"; };
		01318A70158A2BF2009D3D30 /* TDDeletedTasksParser.m */ = {isa = PBXFileReference; fileEncoding = 4; lastKnownFileType = sourcecode.c.objc; name = TDDeletedTasksParser.m; path = Classes/TDDeletedTasksParser.m; sourceTree = "<group>"; };
		01318A71158A2BF2009D3D30 /* TDFoldersParser.h */ = {isa = PBXFileReference; fileEncoding = 4; lastKnownFileType = sourcecode.c.h; name = TDFoldersParser.h; path = Classes/TDFoldersParser.h; sourceTree = "<group>"; };
		01318A72158A2BF2009D3D30 /* TDFoldersParser.m */ = {isa = PBXFileReference; fileEncoding = 4; lastKnownFileType = sourcecode.c.objc; name = TDFoldersParser.m; path = Classes/TDFoldersParser.m; sourceTree = "<group>"; };
		01318A73158A2BF2009D3D30 /* TDNotesParser.h */ = {isa = PBXFileReference; fileEncoding = 4; lastKnownFileType = sourcecode.c.h; name = TDNotesParser.h; path = Classes/TDNotesParser.h; sourceTree = "<group>"; };
		01318A74158A2BF2009D3D30 /* TDNotesParser.m */ = {isa = PBXFileReference; fileEncoding = 4; lastKnownFileType = sourcecode.c.objc; name = TDNotesParser.m; path = Classes/TDNotesParser.m; sourceTree = "<group>"; };
		01318A75158A2BF2009D3D30 /* TDParser.h */ = {isa = PBXFileReference; fileEncoding = 4; lastKnownFileType = sourcecode.c.h; name = TDParser.h; path = Classes/TDParser.h; sourceTree = "<group>"; };
		01318A76158A2BF2009D3D30 /* TDParser.m */ = {isa = PBXFileReference; fileEncoding = 4; lastKnownFileType = sourcecode.c.objc; name = TDParser.m; path = Classes/TDParser.m; sourceTree = "<group>"; };
		01318A77158A2BF2009D3D30 /* TDSimpleParser.h */ = {isa = PBXFileReference; fileEncoding = 4; lastKnownFileType = sourcecode.c.h; name = TDSimpleParser.h; path = Classes/TDSimpleParser.h; sourceTree = "<group>"; };
		01318A78158A2BF2009D3D30 /* TDSimpleParser.m */ = {isa = PBXFileReference; fileEncoding = 4; lastKnownFileType = sourcecode.c.objc; name = TDSimpleParser.m; path = Classes/TDSimpleParser.m; sourceTree = "<group>"; };
		01318A79158A2BF2009D3D30 /* TDTasksParser.h */ = {isa = PBXFileReference; fileEncoding = 4; lastKnownFileType = sourcecode.c.h; name = TDTasksParser.h; path = Classes/TDTasksParser.h; sourceTree = "<group>"; };
		01318A7A158A2BF2009D3D30 /* TDTasksParser.m */ = {isa = PBXFileReference; fileEncoding = 4; lastKnownFileType = sourcecode.c.objc; name = TDTasksParser.m; path = Classes/TDTasksParser.m; sourceTree = "<group>"; };
		01318A7B158A2BF2009D3D30 /* TDUserInfoParser.h */ = {isa = PBXFileReference; fileEncoding = 4; lastKnownFileType = sourcecode.c.h; name = TDUserInfoParser.h; path = Classes/TDUserInfoParser.h; sourceTree = "<group>"; };
		01318A7C158A2BF2009D3D30 /* TDUserInfoParser.m */ = {isa = PBXFileReference; fileEncoding = 4; lastKnownFileType = sourcecode.c.objc; name = TDUserInfoParser.m; path = Classes/TDUserInfoParser.m; sourceTree = "<group>"; };
		01318AB5158A2C09009D3D30 /* TDAPIConstants.h */ = {isa = PBXFileReference; fileEncoding = 4; lastKnownFileType = sourcecode.c.h; name = TDAPIConstants.h; path = Classes/TDAPIConstants.h; sourceTree = "<group>"; };
		0182DCFC15B4182C00751FCF /* GHTests.app */ = {isa = PBXFileReference; explicitFileType = wrapper.application; includeInIndex = 0; path = GHTests.app; sourceTree = BUILT_PRODUCTS_DIR; };
		0182DD0515B4182C00751FCF /* GHTests-Info.plist */ = {isa = PBXFileReference; lastKnownFileType = text.plist.xml; path = "GHTests-Info.plist"; sourceTree = "<group>"; };
		0182DD0715B4182C00751FCF /* en */ = {isa = PBXFileReference; lastKnownFileType = text.plist.strings; name = en; path = en.lproj/InfoPlist.strings; sourceTree = "<group>"; };
		0182DD0B15B4182C00751FCF /* GHTests-Prefix.pch */ = {isa = PBXFileReference; lastKnownFileType = sourcecode.c.h; path = "GHTests-Prefix.pch"; sourceTree = "<group>"; };
		0182DD1315B418A200751FCF /* GHUnitIOS.framework */ = {isa = PBXFileReference; lastKnownFileType = wrapper.framework; path = GHUnitIOS.framework; sourceTree = "<group>"; };
		0182DD1515B41B5800751FCF /* UIKit.framework */ = {isa = PBXFileReference; lastKnownFileType = wrapper.framework; name = UIKit.framework; path = Platforms/iPhoneOS.platform/Developer/SDKs/iPhoneOS5.1.sdk/System/Library/Frameworks/UIKit.framework; sourceTree = DEVELOPER_DIR; };
		0182DD1715B41B6800751FCF /* CoreGraphics.framework */ = {isa = PBXFileReference; lastKnownFileType = wrapper.framework; name = CoreGraphics.framework; path = Platforms/iPhoneOS.platform/Developer/SDKs/iPhoneOS5.1.sdk/System/Library/Frameworks/CoreGraphics.framework; sourceTree = DEVELOPER_DIR; };
		0182DD1B15B41C4600751FCF /* GHUnitIOSTestMain.m */ = {isa = PBXFileReference; fileEncoding = 4; lastKnownFileType = sourcecode.c.objc; name = GHUnitIOSTestMain.m; path = ../GHUnitIOSTestMain.m; sourceTree = "<group>"; };
		0182DD2015B41C4A00751FCF /* NSNotificationCenter+OCMAdditions.h */ = {isa = PBXFileReference; fileEncoding = 4; lastKnownFileType = sourcecode.c.h; path = "NSNotificationCenter+OCMAdditions.h"; sourceTree = "<group>"; };
		0182DD2115B41C4A00751FCF /* OCMArg.h */ = {isa = PBXFileReference; fileEncoding = 4; lastKnownFileType = sourcecode.c.h; path = OCMArg.h; sourceTree = "<group>"; };
		0182DD2215B41C4A00751FCF /* OCMConstraint.h */ = {isa = PBXFileReference; fileEncoding = 4; lastKnownFileType = sourcecode.c.h; path = OCMConstraint.h; sourceTree = "<group>"; };
		0182DD2315B41C4A00751FCF /* OCMock.h */ = {isa = PBXFileReference; fileEncoding = 4; lastKnownFileType = sourcecode.c.h; path = OCMock.h; sourceTree = "<group>"; };
		0182DD2415B41C4A00751FCF /* OCMockObject.h */ = {isa = PBXFileReference; fileEncoding = 4; lastKnownFileType = sourcecode.c.h; path = OCMockObject.h; sourceTree = "<group>"; };
		0182DD2515B41C4A00751FCF /* OCMockRecorder.h */ = {isa = PBXFileReference; fileEncoding = 4; lastKnownFileType = sourcecode.c.h; path = OCMockRecorder.h; sourceTree = "<group>"; };
		0182DD2615B41C4A00751FCF /* libOCMock.a */ = {isa = PBXFileReference; lastKnownFileType = archive.ar; path = libOCMock.a; sourceTree = "<group>"; };
		0182DD2815B42AAD00751FCF /* GtdGoal.h */ = {isa = PBXFileReference; fileEncoding = 4; lastKnownFileType = sourcecode.c.h; path = GtdGoal.h; sourceTree = "<group>"; };
		0182DD2915B42AAD00751FCF /* GtdGoal.m */ = {isa = PBXFileReference; fileEncoding = 4; lastKnownFileType = sourcecode.c.objc; path = GtdGoal.m; sourceTree = "<group>"; };
		0182DD3215B42ACB00751FCF /* GtdLocation.h */ = {isa = PBXFileReference; fileEncoding = 4; lastKnownFileType = sourcecode.c.h; path = GtdLocation.h; sourceTree = "<group>"; };
		0182DD3315B42ACB00751FCF /* GtdLocation.m */ = {isa = PBXFileReference; fileEncoding = 4; lastKnownFileType = sourcecode.c.objc; path = GtdLocation.m; sourceTree = "<group>"; };
		0182DD3D15B4719800751FCF /* TDApiTests.m */ = {isa = PBXFileReference; fileEncoding = 4; lastKnownFileType = sourcecode.c.objc; path = TDApiTests.m; sourceTree = "<group>"; };
		0182DD3F15B477E800751FCF /* TDApiTests.h */ = {isa = PBXFileReference; fileEncoding = 4; lastKnownFileType = sourcecode.c.h; path = TDApiTests.h; sourceTree = "<group>"; };
		0182DD4015B897C900751FCF /* TDAppConstants.h */ = {isa = PBXFileReference; fileEncoding = 4; lastKnownFileType = sourcecode.c.h; path = TDAppConstants.h; sourceTree = "<group>"; };
		08FB779EFE84155DC02AAC07 /* Foundation.framework */ = {isa = PBXFileReference; lastKnownFileType = wrapper.framework; name = Foundation.framework; path = /System/Library/Frameworks/Foundation.framework; sourceTree = "<absolute>"; };
		CF04581710E2F5C400DED3CF /* liblibToodledoAPIiPhone.a */ = {isa = PBXFileReference; explicitFileType = archive.ar; includeInIndex = 0; path = liblibToodledoAPIiPhone.a; sourceTree = BUILT_PRODUCTS_DIR; };
		FA649BBA10C30B250051F758 /* libToodledoAPIMac.a */ = {isa = PBXFileReference; explicitFileType = archive.ar; includeInIndex = 0; path = libToodledoAPIMac.a; sourceTree = BUILT_PRODUCTS_DIR; };
		FAA9E6ED10A88C7C001925AB /* UnitTests.octest */ = {isa = PBXFileReference; explicitFileType = wrapper.cfbundle; includeInIndex = 0; path = UnitTests.octest; sourceTree = BUILT_PRODUCTS_DIR; };
		FAA9E6EE10A88C7C001925AB /* UnitTests-Info.plist */ = {isa = PBXFileReference; lastKnownFileType = text.plist.xml; path = "UnitTests-Info.plist"; sourceTree = "<group>"; };
		FAA9E6F410A88CAF001925AB /* SenTestingKit.framework */ = {isa = PBXFileReference; lastKnownFileType = wrapper.framework; name = SenTestingKit.framework; path = Library/Frameworks/SenTestingKit.framework; sourceTree = DEVELOPER_DIR; };
		FAF874B31096478600C4C137 /* libToodledoAPI.a */ = {isa = PBXFileReference; explicitFileType = archive.ar; includeInIndex = 0; path = libToodledoAPI.a; sourceTree = BUILT_PRODUCTS_DIR; };
/* End PBXFileReference section */

/* Begin PBXFrameworksBuildPhase section */
		0182DCF915B4182C00751FCF /* Frameworks */ = {
			isa = PBXFrameworksBuildPhase;
			buildActionMask = 2147483647;
			files = (
				0182DD1815B41B6800751FCF /* CoreGraphics.framework in Frameworks */,
				0182DD1615B41B5800751FCF /* UIKit.framework in Frameworks */,
				0182DD0015B4182C00751FCF /* Foundation.framework in Frameworks */,
				0182DD1415B418A200751FCF /* GHUnitIOS.framework in Frameworks */,
				0182DD2715B41C4A00751FCF /* libOCMock.a in Frameworks */,
			);
			runOnlyForDeploymentPostprocessing = 0;
		};
		CF04581510E2F5C400DED3CF /* Frameworks */ = {
			isa = PBXFrameworksBuildPhase;
			buildActionMask = 2147483647;
			files = (
			);
			runOnlyForDeploymentPostprocessing = 0;
		};
		FA649BB610C30B250051F758 /* Frameworks */ = {
			isa = PBXFrameworksBuildPhase;
			buildActionMask = 2147483647;
			files = (
			);
			runOnlyForDeploymentPostprocessing = 0;
		};
		FAA9E6EA10A88C7C001925AB /* Frameworks */ = {
			isa = PBXFrameworksBuildPhase;
			buildActionMask = 2147483647;
			files = (
				FAA9E6F510A88CAF001925AB /* SenTestingKit.framework in Frameworks */,
			);
			runOnlyForDeploymentPostprocessing = 0;
		};
		FAF874B11096478600C4C137 /* Frameworks */ = {
			isa = PBXFrameworksBuildPhase;
			buildActionMask = 2147483647;
			files = (
			);
			runOnlyForDeploymentPostprocessing = 0;
		};
/* End PBXFrameworksBuildPhase section */

/* Begin PBXGroup section */
		0182DD0315B4182C00751FCF /* GHTests */ = {
			isa = PBXGroup;
			children = (
				0182DD1B15B41C4600751FCF /* GHUnitIOSTestMain.m */,
				0182DD0415B4182C00751FCF /* Supporting Files */,
				0182DD3F15B477E800751FCF /* TDApiTests.h */,
				0182DD3D15B4719800751FCF /* TDApiTests.m */,
			);
			path = GHTests;
			sourceTree = "<group>";
		};
		0182DD0415B4182C00751FCF /* Supporting Files */ = {
			isa = PBXGroup;
			children = (
				0182DD0515B4182C00751FCF /* GHTests-Info.plist */,
				0182DD0615B4182C00751FCF /* InfoPlist.strings */,
				0182DD0B15B4182C00751FCF /* GHTests-Prefix.pch */,
			);
			name = "Supporting Files";
			sourceTree = "<group>";
		};
		0182DD1D15B41C4A00751FCF /* Libraries */ = {
			isa = PBXGroup;
			children = (
				0182DD1F15B41C4A00751FCF /* OCMock */,
				0182DD2615B41C4A00751FCF /* libOCMock.a */,
			);
			path = Libraries;
			sourceTree = "<group>";
		};
		0182DD1F15B41C4A00751FCF /* OCMock */ = {
			isa = PBXGroup;
			children = (
				0182DD2015B41C4A00751FCF /* NSNotificationCenter+OCMAdditions.h */,
				0182DD2115B41C4A00751FCF /* OCMArg.h */,
				0182DD2215B41C4A00751FCF /* OCMConstraint.h */,
				0182DD2315B41C4A00751FCF /* OCMock.h */,
				0182DD2415B41C4A00751FCF /* OCMockObject.h */,
				0182DD2515B41C4A00751FCF /* OCMockRecorder.h */,
			);
			name = OCMock;
			path = Headers/OCMock;
			sourceTree = "<group>";
		};
		08FB7794FE84155DC02AAC07 /* ToodledoAPI */ = {
			isa = PBXGroup;
			children = (
				0182DD1D15B41C4A00751FCF /* Libraries */,
				08FB7795FE84155DC02AAC07 /* Classes */,
				FAA9E7C610A8A36E001925AB /* Test Classes */,
				0182DD0315B4182C00751FCF /* GHTests */,
				08FB779DFE84155DC02AAC07 /* Frameworks */,
				1AB674ADFE9D54B511CA2CBB /* Products */,
			);
			name = ToodledoAPI;
			sourceTree = "<group>";
		};
		08FB7795FE84155DC02AAC07 /* Classes */ = {
			isa = PBXGroup;
			children = (
				01318A3C158A2BBE009D3D30 /* GtdApi.h */,
				01318A3D158A2BBE009D3D30 /* TDApi.h */,
				01318A3E158A2BBE009D3D30 /* TDApi.m */,
				FAF874DD10965EAE00C4C137 /* Domain Classes */,
				FACCD7E010A0CECA00A36C87 /* Parser Classes */,
				FAF874ED10965F1D00C4C137 /* Other Sources */,
			);
			name = Classes;
			sourceTree = "<group>";
		};
		08FB779DFE84155DC02AAC07 /* Frameworks */ = {
			isa = PBXGroup;
			children = (
				0182DD1715B41B6800751FCF /* CoreGraphics.framework */,
				0182DD1515B41B5800751FCF /* UIKit.framework */,
				0182DD1315B418A200751FCF /* GHUnitIOS.framework */,
				FAA9E6F410A88CAF001925AB /* SenTestingKit.framework */,
				08FB779EFE84155DC02AAC07 /* Foundation.framework */,
			);
			name = Frameworks;
			sourceTree = "<group>";
		};
		1AB674ADFE9D54B511CA2CBB /* Products */ = {
			isa = PBXGroup;
			children = (
				FAF874B31096478600C4C137 /* libToodledoAPI.a */,
				FAA9E6ED10A88C7C001925AB /* UnitTests.octest */,
				FA649BBA10C30B250051F758 /* libToodledoAPIMac.a */,
				CF04581710E2F5C400DED3CF /* liblibToodledoAPIiPhone.a */,
				0182DCFC15B4182C00751FCF /* GHTests.app */,
			);
			name = Products;
			sourceTree = "<group>";
		};
		FAA9E7C610A8A36E001925AB /* Test Classes */ = {
			isa = PBXGroup;
			children = (
				FAA9E6EE10A88C7C001925AB /* UnitTests-Info.plist */,
				01318A27158A2B9D009D3D30 /* APITests.m */,
				01318A28158A2B9D009D3D30 /* ContestTests.m */,
				01318A29158A2B9D009D3D30 /* ContextParserTest.m */,
				01318A2A158A2B9D009D3D30 /* ContextTests.h */,
				01318A2B158A2B9D009D3D30 /* FolderParserTests.m */,
				01318A2C158A2B9D009D3D30 /* FolderTests.m */,
				01318A2D158A2B9D009D3D30 /* NoteParserTest.m */,
				01318A2E158A2B9D009D3D30 /* NoteTests.h */,
				01318A2F158A2B9D009D3D30 /* NoteTests.m */,
				01318A30158A2B9D009D3D30 /* TaskParserTests.m */,
				01318A31158A2B9D009D3D30 /* TaskTests.h */,
				01318A32158A2B9D009D3D30 /* TaskTests.m */,
			);
			name = "Test Classes";
			sourceTree = "<group>";
		};
		FACCD7E010A0CECA00A36C87 /* Parser Classes */ = {
			isa = PBXGroup;
			children = (
				01318A6D158A2BF2009D3D30 /* TDContextsParser.h */,
				01318A6E158A2BF2009D3D30 /* TDContextsParser.m */,
				01318A6F158A2BF2009D3D30 /* TDDeletedTasksParser.h */,
				01318A70158A2BF2009D3D30 /* TDDeletedTasksParser.m */,
				01318A71158A2BF2009D3D30 /* TDFoldersParser.h */,
				01318A72158A2BF2009D3D30 /* TDFoldersParser.m */,
				01318A73158A2BF2009D3D30 /* TDNotesParser.h */,
				01318A74158A2BF2009D3D30 /* TDNotesParser.m */,
				01318A75158A2BF2009D3D30 /* TDParser.h */,
				01318A76158A2BF2009D3D30 /* TDParser.m */,
				01318A77158A2BF2009D3D30 /* TDSimpleParser.h */,
				01318A78158A2BF2009D3D30 /* TDSimpleParser.m */,
				01318A79158A2BF2009D3D30 /* TDTasksParser.h */,
				01318A7A158A2BF2009D3D30 /* TDTasksParser.m */,
				01318A7B158A2BF2009D3D30 /* TDUserInfoParser.h */,
				01318A7C158A2BF2009D3D30 /* TDUserInfoParser.m */,
			);
			name = "Parser Classes";
			sourceTree = "<group>";
		};
		FAF874DD10965EAE00C4C137 /* Domain Classes */ = {
			isa = PBXGroup;
			children = (
				0182DD2815B42AAD00751FCF /* GtdGoal.h */,
				0182DD2915B42AAD00751FCF /* GtdGoal.m */,
				01318A49158A2BD2009D3D30 /* GtdContext.h */,
				01318A4A158A2BD2009D3D30 /* GtdContext.m */,
				01318A4B158A2BD2009D3D30 /* GtdFolder.h */,
				01318A4C158A2BD2009D3D30 /* GtdFolder.m */,
				01318A4D158A2BD2009D3D30 /* GtdNote.h */,
				01318A4E158A2BD2009D3D30 /* GtdNote.m */,
				01318A4F158A2BD2009D3D30 /* GtdTask.h */,
				01318A50158A2BD2009D3D30 /* GtdTask.m */,
				0182DD3215B42ACB00751FCF /* GtdLocation.h */,
				0182DD3315B42ACB00751FCF /* GtdLocation.m */,
			);
			name = "Domain Classes";
			sourceTree = "<group>";
		};
		FAF874ED10965F1D00C4C137 /* Other Sources */ = {
			isa = PBXGroup;
			children = (
				01318AB5158A2C09009D3D30 /* TDAPIConstants.h */,
				0182DD4015B897C900751FCF /* TDAppConstants.h */,
			);
			name = "Other Sources";
			sourceTree = "<group>";
		};
/* End PBXGroup section */

/* Begin PBXHeadersBuildPhase section */
		CF04581310E2F5C400DED3CF /* Headers */ = {
			isa = PBXHeadersBuildPhase;
			buildActionMask = 2147483647;
			files = (
				01318A41158A2BBE009D3D30 /* GtdApi.h in Headers */,
				01318A44158A2BBE009D3D30 /* TDApi.h in Headers */,
				01318A53158A2BD2009D3D30 /* GtdContext.h in Headers */,
				01318A5A158A2BD2009D3D30 /* GtdFolder.h in Headers */,
				01318A61158A2BD2009D3D30 /* GtdNote.h in Headers */,
				01318A68158A2BD2009D3D30 /* GtdTask.h in Headers */,
				01318A7F158A2BF2009D3D30 /* TDContextsParser.h in Headers */,
				01318A86158A2BF2009D3D30 /* TDDeletedTasksParser.h in Headers */,
				01318A8D158A2BF2009D3D30 /* TDFoldersParser.h in Headers */,
				01318A94158A2BF2009D3D30 /* TDNotesParser.h in Headers */,
				01318A9B158A2BF2009D3D30 /* TDParser.h in Headers */,
				01318AA2158A2BF2009D3D30 /* TDSimpleParser.h in Headers */,
				01318AA9158A2BF2009D3D30 /* TDTasksParser.h in Headers */,
				01318AB0158A2BF2009D3D30 /* TDUserInfoParser.h in Headers */,
				01318AB8158A2C09009D3D30 /* TDAPIConstants.h in Headers */,
				0182DD2C15B42AAD00751FCF /* GtdGoal.h in Headers */,
				0182DD3615B42ACB00751FCF /* GtdLocation.h in Headers */,
				0182DD4315B897C900751FCF /* TDAppConstants.h in Headers */,
			);
			runOnlyForDeploymentPostprocessing = 0;
		};
		FA649B9710C30B250051F758 /* Headers */ = {
			isa = PBXHeadersBuildPhase;
			buildActionMask = 2147483647;
			files = (
				01318A40158A2BBE009D3D30 /* GtdApi.h in Headers */,
				01318A43158A2BBE009D3D30 /* TDApi.h in Headers */,
				01318A52158A2BD2009D3D30 /* GtdContext.h in Headers */,
				01318A59158A2BD2009D3D30 /* GtdFolder.h in Headers */,
				01318A60158A2BD2009D3D30 /* GtdNote.h in Headers */,
				01318A67158A2BD2009D3D30 /* GtdTask.h in Headers */,
				01318A7E158A2BF2009D3D30 /* TDContextsParser.h in Headers */,
				01318A85158A2BF2009D3D30 /* TDDeletedTasksParser.h in Headers */,
				01318A8C158A2BF2009D3D30 /* TDFoldersParser.h in Headers */,
				01318A93158A2BF2009D3D30 /* TDNotesParser.h in Headers */,
				01318A9A158A2BF2009D3D30 /* TDParser.h in Headers */,
				01318AA1158A2BF2009D3D30 /* TDSimpleParser.h in Headers */,
				01318AA8158A2BF2009D3D30 /* TDTasksParser.h in Headers */,
				01318AAF158A2BF2009D3D30 /* TDUserInfoParser.h in Headers */,
				01318AB7158A2C09009D3D30 /* TDAPIConstants.h in Headers */,
				0182DD2B15B42AAD00751FCF /* GtdGoal.h in Headers */,
				0182DD3515B42ACB00751FCF /* GtdLocation.h in Headers */,
				0182DD4215B897C900751FCF /* TDAppConstants.h in Headers */,
			);
			runOnlyForDeploymentPostprocessing = 0;
		};
		FAF874AF1096478600C4C137 /* Headers */ = {
			isa = PBXHeadersBuildPhase;
			buildActionMask = 2147483647;
			files = (
				01318A3F158A2BBE009D3D30 /* GtdApi.h in Headers */,
				01318A42158A2BBE009D3D30 /* TDApi.h in Headers */,
				01318A51158A2BD2009D3D30 /* GtdContext.h in Headers */,
				01318A58158A2BD2009D3D30 /* GtdFolder.h in Headers */,
				01318A5F158A2BD2009D3D30 /* GtdNote.h in Headers */,
				01318A66158A2BD2009D3D30 /* GtdTask.h in Headers */,
				01318A7D158A2BF2009D3D30 /* TDContextsParser.h in Headers */,
				01318A84158A2BF2009D3D30 /* TDDeletedTasksParser.h in Headers */,
				01318A8B158A2BF2009D3D30 /* TDFoldersParser.h in Headers */,
				01318A92158A2BF2009D3D30 /* TDNotesParser.h in Headers */,
				01318A99158A2BF2009D3D30 /* TDParser.h in Headers */,
				01318AA0158A2BF2009D3D30 /* TDSimpleParser.h in Headers */,
				01318AA7158A2BF2009D3D30 /* TDTasksParser.h in Headers */,
				01318AAE158A2BF2009D3D30 /* TDUserInfoParser.h in Headers */,
				01318AB6158A2C09009D3D30 /* TDAPIConstants.h in Headers */,
				0182DD2A15B42AAD00751FCF /* GtdGoal.h in Headers */,
				0182DD3415B42ACB00751FCF /* GtdLocation.h in Headers */,
				0182DD4115B897C900751FCF /* TDAppConstants.h in Headers */,
			);
			runOnlyForDeploymentPostprocessing = 0;
		};
/* End PBXHeadersBuildPhase section */

/* Begin PBXNativeTarget section */
		0182DCFB15B4182C00751FCF /* GHTests */ = {
			isa = PBXNativeTarget;
			buildConfigurationList = 0182DD1115B4182C00751FCF /* Build configuration list for PBXNativeTarget "GHTests" */;
			buildPhases = (
				0182DCF815B4182C00751FCF /* Sources */,
				0182DCF915B4182C00751FCF /* Frameworks */,
				0182DCFA15B4182C00751FCF /* Resources */,
			);
			buildRules = (
			);
			dependencies = (
			);
			name = GHTests;
			productName = GHTests;
			productReference = 0182DCFC15B4182C00751FCF /* GHTests.app */;
			productType = "com.apple.product-type.application";
		};
		CF04581610E2F5C400DED3CF /* libToodledoAPIiPhone */ = {
			isa = PBXNativeTarget;
			buildConfigurationList = CF04581E10E2F60F00DED3CF /* Build configuration list for PBXNativeTarget "libToodledoAPIiPhone" */;
			buildPhases = (
				CF04581310E2F5C400DED3CF /* Headers */,
				CF04581410E2F5C400DED3CF /* Sources */,
				CF04581510E2F5C400DED3CF /* Frameworks */,
			);
			buildRules = (
			);
			dependencies = (
			);
			name = libToodledoAPIiPhone;
			productName = libToodledoAPIiPhone;
			productReference = CF04581710E2F5C400DED3CF /* liblibToodledoAPIiPhone.a */;
			productType = "com.apple.product-type.library.static";
		};
		FA649B9610C30B250051F758 /* libToodledoAPIMac */ = {
			isa = PBXNativeTarget;
			buildConfigurationList = FA649BB710C30B250051F758 /* Build configuration list for PBXNativeTarget "libToodledoAPIMac" */;
			buildPhases = (
				FA649B9710C30B250051F758 /* Headers */,
				FA649BA710C30B250051F758 /* Sources */,
				FA649BB610C30B250051F758 /* Frameworks */,
			);
			buildRules = (
			);
			dependencies = (
			);
			name = libToodledoAPIMac;
			productName = libToodledoAPI;
			productReference = FA649BBA10C30B250051F758 /* libToodledoAPIMac.a */;
			productType = "com.apple.product-type.library.static";
		};
		FAA9E6EC10A88C7C001925AB /* UnitTests */ = {
			isa = PBXNativeTarget;
			buildConfigurationList = FAA9E6F110A88C7D001925AB /* Build configuration list for PBXNativeTarget "UnitTests" */;
			buildPhases = (
				FAA9E6E810A88C7C001925AB /* Resources */,
				FAA9E6E910A88C7C001925AB /* Sources */,
				FAA9E6EA10A88C7C001925AB /* Frameworks */,
				FAA9E6EB10A88C7C001925AB /* ShellScript */,
			);
			buildRules = (
			);
			dependencies = (
				FAA9E6F310A88CA6001925AB /* PBXTargetDependency */,
			);
			name = UnitTests;
			productName = UnitTests;
			productReference = FAA9E6ED10A88C7C001925AB /* UnitTests.octest */;
			productType = "com.apple.product-type.bundle";
		};
		FAF874B21096478600C4C137 /* libToodledoAPI */ = {
			isa = PBXNativeTarget;
			buildConfigurationList = FAF874B6109647BB00C4C137 /* Build configuration list for PBXNativeTarget "libToodledoAPI" */;
			buildPhases = (
				FAF874AF1096478600C4C137 /* Headers */,
				FAF874B01096478600C4C137 /* Sources */,
				FAF874B11096478600C4C137 /* Frameworks */,
			);
			buildRules = (
			);
			dependencies = (
			);
			name = libToodledoAPI;
			productName = libToodledoAPI;
			productReference = FAF874B31096478600C4C137 /* libToodledoAPI.a */;
			productType = "com.apple.product-type.library.static";
		};
/* End PBXNativeTarget section */

/* Begin PBXProject section */
		08FB7793FE84155DC02AAC07 /* Project object */ = {
			isa = PBXProject;
			attributes = {
				LastUpgradeCheck = 0430;
			};
			buildConfigurationList = 1DEB927808733DD40010E9CD /* Build configuration list for PBXProject "ToodledoAPI" */;
			compatibilityVersion = "Xcode 3.2";
			developmentRegion = English;
			hasScannedForEncodings = 1;
			knownRegions = (
				en,
			);
			mainGroup = 08FB7794FE84155DC02AAC07 /* ToodledoAPI */;
			projectDirPath = "";
			projectRoot = "";
			targets = (
				FAF874B21096478600C4C137 /* libToodledoAPI */,
				FA649B9610C30B250051F758 /* libToodledoAPIMac */,
				FAA9E6EC10A88C7C001925AB /* UnitTests */,
				CF04581610E2F5C400DED3CF /* libToodledoAPIiPhone */,
				0182DCFB15B4182C00751FCF /* GHTests */,
			);
		};
/* End PBXProject section */

/* Begin PBXResourcesBuildPhase section */
		0182DCFA15B4182C00751FCF /* Resources */ = {
			isa = PBXResourcesBuildPhase;
			buildActionMask = 2147483647;
			files = (
				0182DD0815B4182C00751FCF /* InfoPlist.strings in Resources */,
			);
			runOnlyForDeploymentPostprocessing = 0;
		};
		FAA9E6E810A88C7C001925AB /* Resources */ = {
			isa = PBXResourcesBuildPhase;
			buildActionMask = 2147483647;
			files = (
			);
			runOnlyForDeploymentPostprocessing = 0;
		};
/* End PBXResourcesBuildPhase section */

/* Begin PBXShellScriptBuildPhase section */
		FAA9E6EB10A88C7C001925AB /* ShellScript */ = {
			isa = PBXShellScriptBuildPhase;
			buildActionMask = 2147483647;
			files = (
			);
			inputPaths = (
			);
			outputPaths = (
			);
			runOnlyForDeploymentPostprocessing = 0;
			shellPath = /bin/sh;
			shellScript = "# Run the unit tests in this test bundle.\n\"${SYSTEM_DEVELOPER_DIR}/Tools/RunUnitTests\"\n";
		};
/* End PBXShellScriptBuildPhase section */

/* Begin PBXSourcesBuildPhase section */
		0182DCF815B4182C00751FCF /* Sources */ = {
			isa = PBXSourcesBuildPhase;
			buildActionMask = 2147483647;
			files = (
				0182DD1C15B41C4600751FCF /* GHUnitIOSTestMain.m in Sources */,
				0182DD3115B42AAD00751FCF /* GtdGoal.m in Sources */,
				0182DD3B15B42ACB00751FCF /* GtdLocation.m in Sources */,
				0182DD3E15B4719800751FCF /* TDApiTests.m in Sources */,
			);
			runOnlyForDeploymentPostprocessing = 0;
		};
		CF04581410E2F5C400DED3CF /* Sources */ = {
			isa = PBXSourcesBuildPhase;
			buildActionMask = 2147483647;
			files = (
				01318A48158A2BBE009D3D30 /* TDApi.m in Sources */,
				01318A57158A2BD2009D3D30 /* GtdContext.m in Sources */,
				01318A5E158A2BD2009D3D30 /* GtdFolder.m in Sources */,
				01318A65158A2BD2009D3D30 /* GtdNote.m in Sources */,
				01318A6C158A2BD2009D3D30 /* GtdTask.m in Sources */,
				01318A83158A2BF2009D3D30 /* TDContextsParser.m in Sources */,
				01318A8A158A2BF2009D3D30 /* TDDeletedTasksParser.m in Sources */,
				01318A91158A2BF2009D3D30 /* TDFoldersParser.m in Sources */,
				01318A98158A2BF2009D3D30 /* TDNotesParser.m in Sources */,
				01318A9F158A2BF2009D3D30 /* TDParser.m in Sources */,
				01318AA6158A2BF2009D3D30 /* TDSimpleParser.m in Sources */,
				01318AAD158A2BF2009D3D30 /* TDTasksParser.m in Sources */,
				01318AB4158A2BF2009D3D30 /* TDUserInfoParser.m in Sources */,
				0182DD3015B42AAD00751FCF /* GtdGoal.m in Sources */,
				0182DD3A15B42ACB00751FCF /* GtdLocation.m in Sources */,
			);
			runOnlyForDeploymentPostprocessing = 0;
		};
		FA649BA710C30B250051F758 /* Sources */ = {
			isa = PBXSourcesBuildPhase;
			buildActionMask = 2147483647;
			files = (
				01318A46158A2BBE009D3D30 /* TDApi.m in Sources */,
				01318A55158A2BD2009D3D30 /* GtdContext.m in Sources */,
				01318A5C158A2BD2009D3D30 /* GtdFolder.m in Sources */,
				01318A63158A2BD2009D3D30 /* GtdNote.m in Sources */,
				01318A6A158A2BD2009D3D30 /* GtdTask.m in Sources */,
				01318A81158A2BF2009D3D30 /* TDContextsParser.m in Sources */,
				01318A88158A2BF2009D3D30 /* TDDeletedTasksParser.m in Sources */,
				01318A8F158A2BF2009D3D30 /* TDFoldersParser.m in Sources */,
				01318A96158A2BF2009D3D30 /* TDNotesParser.m in Sources */,
				01318A9D158A2BF2009D3D30 /* TDParser.m in Sources */,
				01318AA4158A2BF2009D3D30 /* TDSimpleParser.m in Sources */,
				01318AAB158A2BF2009D3D30 /* TDTasksParser.m in Sources */,
				01318AB2158A2BF2009D3D30 /* TDUserInfoParser.m in Sources */,
				0182DD2E15B42AAD00751FCF /* GtdGoal.m in Sources */,
				0182DD3815B42ACB00751FCF /* GtdLocation.m in Sources */,
			);
			runOnlyForDeploymentPostprocessing = 0;
		};
		FAA9E6E910A88C7C001925AB /* Sources */ = {
			isa = PBXSourcesBuildPhase;
			buildActionMask = 2147483647;
			files = (
				01318A33158A2B9D009D3D30 /* APITests.m in Sources */,
				01318A34158A2B9D009D3D30 /* ContestTests.m in Sources */,
				01318A35158A2B9D009D3D30 /* ContextParserTest.m in Sources */,
				01318A36158A2B9D009D3D30 /* FolderParserTests.m in Sources */,
				01318A37158A2B9D009D3D30 /* FolderTests.m in Sources */,
				01318A38158A2B9D009D3D30 /* NoteParserTest.m in Sources */,
				01318A39158A2B9D009D3D30 /* NoteTests.m in Sources */,
				01318A3A158A2B9D009D3D30 /* TaskParserTests.m in Sources */,
				01318A3B158A2B9D009D3D30 /* TaskTests.m in Sources */,
				01318A47158A2BBE009D3D30 /* TDApi.m in Sources */,
				01318A56158A2BD2009D3D30 /* GtdContext.m in Sources */,
				01318A5D158A2BD2009D3D30 /* GtdFolder.m in Sources */,
				01318A64158A2BD2009D3D30 /* GtdNote.m in Sources */,
				01318A6B158A2BD2009D3D30 /* GtdTask.m in Sources */,
				01318A82158A2BF2009D3D30 /* TDContextsParser.m in Sources */,
				01318A89158A2BF2009D3D30 /* TDDeletedTasksParser.m in Sources */,
				01318A90158A2BF2009D3D30 /* TDFoldersParser.m in Sources */,
				01318A97158A2BF2009D3D30 /* TDNotesParser.m in Sources */,
				01318A9E158A2BF2009D3D30 /* TDParser.m in Sources */,
				01318AA5158A2BF2009D3D30 /* TDSimpleParser.m in Sources */,
				01318AAC158A2BF2009D3D30 /* TDTasksParser.m in Sources */,
				01318AB3158A2BF2009D3D30 /* TDUserInfoParser.m in Sources */,
				0182DD2F15B42AAD00751FCF /* GtdGoal.m in Sources */,
				0182DD3915B42ACB00751FCF /* GtdLocation.m in Sources */,
			);
			runOnlyForDeploymentPostprocessing = 0;
		};
		FAF874B01096478600C4C137 /* Sources */ = {
			isa = PBXSourcesBuildPhase;
			buildActionMask = 2147483647;
			files = (
				01318A45158A2BBE009D3D30 /* TDApi.m in Sources */,
				01318A54158A2BD2009D3D30 /* GtdContext.m in Sources */,
				01318A5B158A2BD2009D3D30 /* GtdFolder.m in Sources */,
				01318A62158A2BD2009D3D30 /* GtdNote.m in Sources */,
				01318A69158A2BD2009D3D30 /* GtdTask.m in Sources */,
				01318A80158A2BF2009D3D30 /* TDContextsParser.m in Sources */,
				01318A87158A2BF2009D3D30 /* TDDeletedTasksParser.m in Sources */,
				01318A8E158A2BF2009D3D30 /* TDFoldersParser.m in Sources */,
				01318A95158A2BF2009D3D30 /* TDNotesParser.m in Sources */,
				01318A9C158A2BF2009D3D30 /* TDParser.m in Sources */,
				01318AA3158A2BF2009D3D30 /* TDSimpleParser.m in Sources */,
				01318AAA158A2BF2009D3D30 /* TDTasksParser.m in Sources */,
				01318AB1158A2BF2009D3D30 /* TDUserInfoParser.m in Sources */,
				0182DD2D15B42AAD00751FCF /* GtdGoal.m in Sources */,
				0182DD3715B42ACB00751FCF /* GtdLocation.m in Sources */,
			);
			runOnlyForDeploymentPostprocessing = 0;
		};
/* End PBXSourcesBuildPhase section */

/* Begin PBXTargetDependency section */
		FAA9E6F310A88CA6001925AB /* PBXTargetDependency */ = {
			isa = PBXTargetDependency;
			target = FAF874B21096478600C4C137 /* libToodledoAPI */;
			targetProxy = FAA9E6F210A88CA6001925AB /* PBXContainerItemProxy */;
		};
/* End PBXTargetDependency section */

/* Begin PBXVariantGroup section */
		0182DD0615B4182C00751FCF /* InfoPlist.strings */ = {
			isa = PBXVariantGroup;
			children = (
				0182DD0715B4182C00751FCF /* en */,
			);
			name = InfoPlist.strings;
			sourceTree = "<group>";
		};
/* End PBXVariantGroup section */

/* Begin XCBuildConfiguration section */
		0182DD0F15B4182C00751FCF /* Debug */ = {
			isa = XCBuildConfiguration;
			buildSettings = {
				ALWAYS_SEARCH_USER_PATHS = NO;
				ARCHS = "$(ARCHS_STANDARD_32_BIT)";
				"CODE_SIGN_IDENTITY[sdk=iphoneos*]" = "iPhone Developer";
				COPY_PHASE_STRIP = NO;
				FRAMEWORK_SEARCH_PATHS = (
					"$(inherited)",
					"\"$(SYSTEM_APPS_DIR)/Xcode.app/Contents/Developer/Library/Frameworks\"",
					"\"$(SRCROOT)\"",
				);
				GCC_DYNAMIC_NO_PIC = NO;
				GCC_PRECOMPILE_PREFIX_HEADER = YES;
				GCC_PREFIX_HEADER = "GHTests/GHTests-Prefix.pch";
				GCC_PREPROCESSOR_DEFINITIONS = (
					"DEBUG=1",
					"$(inherited)",
				);
				GCC_SYMBOLS_PRIVATE_EXTERN = NO;
				GCC_VERSION = com.apple.compilers.llvm.clang.1_0;
				GCC_WARN_UNINITIALIZED_AUTOS = YES;
				HEADER_SEARCH_PATHS = "$(SRCROOT)/Libraries/**";
				INFOPLIST_FILE = "GHTests/GHTests-Info.plist";
				IPHONEOS_DEPLOYMENT_TARGET = 5.1;
				LIBRARY_SEARCH_PATHS = (
					"$(inherited)",
					"\"$(SRCROOT)/Libraries\"",
				);
				OTHER_LDFLAGS = (
					"-ObjC",
					"-all_load",
				);
				PRODUCT_NAME = "$(TARGET_NAME)";
				SDKROOT = iphoneos;
				WRAPPER_EXTENSION = app;
			};
			name = Debug;
		};
		0182DD1015B4182C00751FCF /* Release */ = {
			isa = XCBuildConfiguration;
			buildSettings = {
				ALWAYS_SEARCH_USER_PATHS = NO;
				ARCHS = "$(ARCHS_STANDARD_32_BIT)";
				"CODE_SIGN_IDENTITY[sdk=iphoneos*]" = "iPhone Developer";
				COPY_PHASE_STRIP = YES;
				FRAMEWORK_SEARCH_PATHS = (
					"$(inherited)",
					"\"$(SYSTEM_APPS_DIR)/Xcode.app/Contents/Developer/Library/Frameworks\"",
					"\"$(SRCROOT)\"",
				);
				GCC_PRECOMPILE_PREFIX_HEADER = YES;
				GCC_PREFIX_HEADER = "GHTests/GHTests-Prefix.pch";
				GCC_VERSION = com.apple.compilers.llvm.clang.1_0;
				GCC_WARN_UNINITIALIZED_AUTOS = YES;
				HEADER_SEARCH_PATHS = "$(SRCROOT)/Libraries/**";
				INFOPLIST_FILE = "GHTests/GHTests-Info.plist";
				IPHONEOS_DEPLOYMENT_TARGET = 5.1;
				LIBRARY_SEARCH_PATHS = (
					"$(inherited)",
					"\"$(SRCROOT)/Libraries\"",
				);
				OTHER_CFLAGS = "-DNS_BLOCK_ASSERTIONS=1";
				OTHER_LDFLAGS = (
					"-ObjC",
					"-all_load",
				);
				PRODUCT_NAME = "$(TARGET_NAME)";
				SDKROOT = iphoneos;
				VALIDATE_PRODUCT = YES;
				WRAPPER_EXTENSION = app;
			};
			name = Release;
		};
		1DEB927908733DD40010E9CD /* Debug */ = {
			isa = XCBuildConfiguration;
			buildSettings = {
				ARCHS = "$(ARCHS_STANDARD_32_64_BIT)";
				GCC_C_LANGUAGE_STANDARD = gnu99;
				GCC_OPTIMIZATION_LEVEL = 0;
				GCC_PREPROCESSOR_DEFINITIONS = "DEBUG=1";
				GCC_WARN_ABOUT_RETURN_TYPE = YES;
				GCC_WARN_UNUSED_VARIABLE = YES;
				MACOSX_DEPLOYMENT_TARGET = 10.7;
				ONLY_ACTIVE_ARCH = NO;
				SDKROOT = macosx;
			};
			name = Debug;
		};
		1DEB927A08733DD40010E9CD /* Release */ = {
			isa = XCBuildConfiguration;
			buildSettings = {
				ARCHS = "$(ARCHS_STANDARD_32_64_BIT)";
				GCC_C_LANGUAGE_STANDARD = gnu99;
				GCC_WARN_ABOUT_RETURN_TYPE = YES;
				GCC_WARN_UNUSED_VARIABLE = YES;
				MACOSX_DEPLOYMENT_TARGET = 10.7;
				ONLY_ACTIVE_ARCH = NO;
				SDKROOT = macosx;
			};
			name = Release;
		};
		CF04581810E2F5C400DED3CF /* Debug */ = {
			isa = XCBuildConfiguration;
			buildSettings = {
				ALWAYS_SEARCH_USER_PATHS = NO;
				ARCHS = "$(NATIVE_ARCH)";
				COPY_PHASE_STRIP = NO;
				GCC_DYNAMIC_NO_PIC = NO;
				GCC_OPTIMIZATION_LEVEL = 0;
				PRODUCT_NAME = libToodledoAPIiPhone;
				SDKROOT = iphoneos;
			};
			name = Debug;
		};
		CF04581910E2F5C400DED3CF /* Release */ = {
			isa = XCBuildConfiguration;
			buildSettings = {
				ALWAYS_SEARCH_USER_PATHS = NO;
				ARCHS = "$(NATIVE_ARCH)";
				COPY_PHASE_STRIP = YES;
				DEBUG_INFORMATION_FORMAT = "dwarf-with-dsym";
				PRODUCT_NAME = libToodledoAPIiPhone;
				SDKROOT = iphoneos;
				ZERO_LINK = NO;
			};
			name = Release;
		};
		FA649BB810C30B250051F758 /* Debug */ = {
			isa = XCBuildConfiguration;
			buildSettings = {
				ALWAYS_SEARCH_USER_PATHS = NO;
				COPY_PHASE_STRIP = NO;
				FRAMEWORK_SEARCH_PATHS = (
					"$(inherited)",
					"\\\"$(DEVELOPER_FRAMEWORKS_DIR)\\\"",
				);
				GCC_DYNAMIC_NO_PIC = NO;
				GCC_ENABLE_OBJC_GC = supported;
				GCC_OPTIMIZATION_LEVEL = 0;
				New_Setting = "";
				PRODUCT_NAME = ToodledoAPIMac;
			};
			name = Debug;
		};
		FA649BB910C30B250051F758 /* Release */ = {
			isa = XCBuildConfiguration;
			buildSettings = {
				ALWAYS_SEARCH_USER_PATHS = NO;
				COPY_PHASE_STRIP = YES;
				DEBUG_INFORMATION_FORMAT = "dwarf-with-dsym";
				FRAMEWORK_SEARCH_PATHS = (
					"$(inherited)",
					"\\\"$(DEVELOPER_FRAMEWORKS_DIR)\\\"",
				);
				GCC_ENABLE_OBJC_GC = supported;
				New_Setting = "";
				PRODUCT_NAME = ToodledoAPIMac;
				ZERO_LINK = NO;
			};
			name = Release;
		};
		FAA9E6EF10A88C7D001925AB /* Debug */ = {
			isa = XCBuildConfiguration;
			buildSettings = {
				ALWAYS_SEARCH_USER_PATHS = NO;
				COPY_PHASE_STRIP = NO;
				FRAMEWORK_SEARCH_PATHS = "$(DEVELOPER_LIBRARY_DIR)/Frameworks";
				GCC_DYNAMIC_NO_PIC = NO;
				GCC_ENABLE_OBJC_EXCEPTIONS = YES;
				GCC_MODEL_TUNING = G5;
				GCC_OPTIMIZATION_LEVEL = 0;
				GCC_PRECOMPILE_PREFIX_HEADER = YES;
				GCC_PREFIX_HEADER = "$(SYSTEM_LIBRARY_DIR)/Frameworks/Cocoa.framework/Headers/Cocoa.h";
				INFOPLIST_FILE = "UnitTests-Info.plist";
				INSTALL_PATH = "$(USER_LIBRARY_DIR)/Bundles";
				OTHER_LDFLAGS = (
					"-framework",
					Foundation,
					"-framework",
					SenTestingKit,
				);
				PRODUCT_NAME = UnitTests;
				WRAPPER_EXTENSION = octest;
			};
			name = Debug;
		};
		FAA9E6F010A88C7D001925AB /* Release */ = {
			isa = XCBuildConfiguration;
			buildSettings = {
				ALWAYS_SEARCH_USER_PATHS = NO;
				COPY_PHASE_STRIP = YES;
				DEBUG_INFORMATION_FORMAT = "dwarf-with-dsym";
				FRAMEWORK_SEARCH_PATHS = "$(DEVELOPER_LIBRARY_DIR)/Frameworks";
				GCC_ENABLE_OBJC_EXCEPTIONS = YES;
				GCC_MODEL_TUNING = G5;
				GCC_PRECOMPILE_PREFIX_HEADER = YES;
				GCC_PREFIX_HEADER = "$(SYSTEM_LIBRARY_DIR)/Frameworks/Cocoa.framework/Headers/Cocoa.h";
				INFOPLIST_FILE = "UnitTests-Info.plist";
				INSTALL_PATH = "$(USER_LIBRARY_DIR)/Bundles";
				OTHER_LDFLAGS = (
					"-framework",
					Foundation,
					"-framework",
					SenTestingKit,
				);
				PRODUCT_NAME = UnitTests;
				WRAPPER_EXTENSION = octest;
				ZERO_LINK = NO;
			};
			name = Release;
		};
		FAF874B41096478700C4C137 /* Debug */ = {
			isa = XCBuildConfiguration;
			buildSettings = {
				ALWAYS_SEARCH_USER_PATHS = NO;
				COPY_PHASE_STRIP = NO;
				FRAMEWORK_SEARCH_PATHS = (
					"$(inherited)",
					"\"$(DEVELOPER_FRAMEWORKS_DIR)\"",
				);
				GCC_DYNAMIC_NO_PIC = NO;
				GCC_ENABLE_OBJC_GC = unsupported;
				GCC_OPTIMIZATION_LEVEL = 0;
				GCC_VERSION = com.apple.compilers.llvm.clang.1_0;
				PRODUCT_NAME = ToodledoAPI;
			};
			name = Debug;
		};
		FAF874B51096478700C4C137 /* Release */ = {
			isa = XCBuildConfiguration;
			buildSettings = {
				ALWAYS_SEARCH_USER_PATHS = NO;
				COPY_PHASE_STRIP = YES;
				DEBUG_INFORMATION_FORMAT = "dwarf-with-dsym";
				FRAMEWORK_SEARCH_PATHS = (
					"$(inherited)",
					"\"$(DEVELOPER_FRAMEWORKS_DIR)\"",
				);
				GCC_ENABLE_OBJC_GC = unsupported;
				GCC_VERSION = com.apple.compilers.llvm.clang.1_0;
				PRODUCT_NAME = libToodledoAPI;
				ZERO_LINK = NO;
			};
			name = Release;
		};
/* End XCBuildConfiguration section */

/* Begin XCConfigurationList section */
		0182DD1115B4182C00751FCF /* Build configuration list for PBXNativeTarget "GHTests" */ = {
			isa = XCConfigurationList;
			buildConfigurations = (
				0182DD0F15B4182C00751FCF /* Debug */,
				0182DD1015B4182C00751FCF /* Release */,
			);
			defaultConfigurationIsVisible = 0;
		};
		1DEB927808733DD40010E9CD /* Build configuration list for PBXProject "ToodledoAPI" */ = {
			isa = XCConfigurationList;
			buildConfigurations = (
				1DEB927908733DD40010E9CD /* Debug */,
				1DEB927A08733DD40010E9CD /* Release */,
			);
			defaultConfigurationIsVisible = 0;
			defaultConfigurationName = Release;
		};
		CF04581E10E2F60F00DED3CF /* Build configuration list for PBXNativeTarget "libToodledoAPIiPhone" */ = {
			isa = XCConfigurationList;
			buildConfigurations = (
				CF04581810E2F5C400DED3CF /* Debug */,
				CF04581910E2F5C400DED3CF /* Release */,
			);
			defaultConfigurationIsVisible = 0;
			defaultConfigurationName = Release;
		};
		FA649BB710C30B250051F758 /* Build configuration list for PBXNativeTarget "libToodledoAPIMac" */ = {
			isa = XCConfigurationList;
			buildConfigurations = (
				FA649BB810C30B250051F758 /* Debug */,
				FA649BB910C30B250051F758 /* Release */,
			);
			defaultConfigurationIsVisible = 0;
			defaultConfigurationName = Release;
		};
		FAA9E6F110A88C7D001925AB /* Build configuration list for PBXNativeTarget "UnitTests" */ = {
			isa = XCConfigurationList;
			buildConfigurations = (
				FAA9E6EF10A88C7D001925AB /* Debug */,
				FAA9E6F010A88C7D001925AB /* Release */,
			);
			defaultConfigurationIsVisible = 0;
			defaultConfigurationName = Release;
		};
		FAF874B6109647BB00C4C137 /* Build configuration list for PBXNativeTarget "libToodledoAPI" */ = {
			isa = XCConfigurationList;
			buildConfigurations = (
				FAF874B41096478700C4C137 /* Debug */,
				FAF874B51096478700C4C137 /* Release */,
			);
			defaultConfigurationIsVisible = 0;
			defaultConfigurationName = Release;
		};
/* End XCConfigurationList section */
	};
	rootObject = 08FB7793FE84155DC02AAC07 /* Project object */;
}
